github.com/gen2brain/go-fitz v0.0.0-20190716092309-62357ab3d4a9 h1:/D6PM5i7UKhVrfHfgGsaSP+jR1l6fYMZreriUhUpaHo=
github.com/gen2brain/go-fitz v0.0.0-20190716092309-62357ab3d4a9/go.mod h1:AEIUBmAFrng2KkeZuPIOlg9jiReLYHo0lVdwhDkz5rk=
github.com/yanyiwu/gojieba v1.1.2 h1:BMwKCwg3G+Nw/Ctqzm/gNgN/6Ljf0Y4f7ddKlzTA+TM=
github.com/yanyiwu/gojieba v1.1.2/go.mod h1:54wkP7sMJ6bklf7yPl6F+JG71dzVUU1WigZbR47nGdY=
